// !$*UTF8*$!
{
	archiveVersion = 1;
	classes = {
	};
	objectVersion = 46;
	objects = {

/* Begin PBXBuildFile section */
		1664760D1DB8F9E7006E4BC2 /* AppDelegate.swift in Sources */ = {isa = PBXBuildFile; fileRef = 1664760C1DB8F9E7006E4BC2 /* AppDelegate.swift */; };
		1664760F1DB8F9E7006E4BC2 /* ViewController.swift in Sources */ = {isa = PBXBuildFile; fileRef = 1664760E1DB8F9E7006E4BC2 /* ViewController.swift */; };
		166476121DB8F9E7006E4BC2 /* Main.storyboard in Resources */ = {isa = PBXBuildFile; fileRef = 166476101DB8F9E7006E4BC2 /* Main.storyboard */; };
		166476141DB8F9E7006E4BC2 /* Assets.xcassets in Resources */ = {isa = PBXBuildFile; fileRef = 166476131DB8F9E7006E4BC2 /* Assets.xcassets */; };
		166476171DB8F9E7006E4BC2 /* LaunchScreen.storyboard in Resources */ = {isa = PBXBuildFile; fileRef = 166476151DB8F9E7006E4BC2 /* LaunchScreen.storyboard */; };
/* End PBXBuildFile section */

/* Begin PBXFileReference section */
		166476091DB8F9E7006E4BC2 /* tableveiw.app */ = {isa = PBXFileReference; explicitFileType = wrapper.application; includeInIndex = 0; path = tableveiw.app; sourceTree = BUILT_PRODUCTS_DIR; };
		1664760C1DB8F9E7006E4BC2 /* AppDelegate.swift */ = {isa = PBXFileReference; lastKnownFileType = sourcecode.swift; path = AppDelegate.swift; sourceTree = "<group>"; };
		1664760E1DB8F9E7006E4BC2 /* ViewController.swift */ = {isa = PBXFileReference; lastKnownFileType = sourcecode.swift; path = ViewController.swift; sourceTree = "<group>"; };
		166476111DB8F9E7006E4BC2 /* Base */ = {isa = PBXFileReference; lastKnownFileType = file.storyboard; name = Base; path = Base.lproj/Main.storyboard; sourceTree = "<group>"; };
		166476131DB8F9E7006E4BC2 /* Assets.xcassets */ = {isa = PBXFileReference; lastKnownFileType = folder.assetcatalog; path = Assets.xcassets; sourceTree = "<group>"; };
		166476161DB8F9E7006E4BC2 /* Base */ = {isa = PBXFileReference; lastKnownFileType = file.storyboard; name = Base; path = Base.lproj/LaunchScreen.storyboard; sourceTree = "<group>"; };
		166476181DB8F9E7006E4BC2 /* Info.plist */ = {isa = PBXFileReference; lastKnownFileType = text.plist.xml; path = Info.plist; sourceTree = "<group>"; };
/* End PBXFileReference section */

/* Begin PBXFrameworksBuildPhase section */
		166476061DB8F9E6006E4BC2 /* Frameworks */ = {
			isa = PBXFrameworksBuildPhase;
			buildActionMask = 2147483647;
			files = (
			);
			runOnlyForDeploymentPostprocessing = 0;
		};
/* End PBXFrameworksBuildPhase section */

/* Begin PBXGroup section */
		166476001DB8F9E6006E4BC2 = {
			isa = PBXGroup;
			children = (
				1664760B1DB8F9E7006E4BC2 /* tableveiw */,
				1664760A1DB8F9E7006E4BC2 /* Products */,
			);
			sourceTree = "<group>";
		};
		1664760A1DB8F9E7006E4BC2 /* Products */ = {
			isa = PBXGroup;
			children = (
				166476091DB8F9E7006E4BC2 /* tableveiw.app */,
			);
			name = Products;
			sourceTree = "<group>";
		};
		1664760B1DB8F9E7006E4BC2 /* tableveiw */ = {
			isa = PBXGroup;
			children = (
				1664760C1DB8F9E7006E4BC2 /* AppDelegate.swift */,
				1664760E1DB8F9E7006E4BC2 /* ViewController.swift */,
				166476101DB8F9E7006E4BC2 /* Main.storyboard */,
				166476131DB8F9E7006E4BC2 /* Assets.xcassets */,
				166476151DB8F9E7006E4BC2 /* LaunchScreen.storyboard */,
				166476181DB8F9E7006E4BC2 /* Info.plist */,
			);
			path = tableveiw;
			sourceTree = "<group>";
		};
/* End PBXGroup section */

/* Begin PBXNativeTarget section */
		166476081DB8F9E6006E4BC2 /* tableveiw */ = {
			isa = PBXNativeTarget;
			buildConfigurationList = 1664761B1DB8F9E7006E4BC2 /* Build configuration list for PBXNativeTarget "tableveiw" */;
			buildPhases = (
				166476051DB8F9E6006E4BC2 /* Sources */,
				166476061DB8F9E6006E4BC2 /* Frameworks */,
				166476071DB8F9E6006E4BC2 /* Resources */,
			);
			buildRules = (
			);
			dependencies = (
			);
			name = tableveiw;
			productName = tableveiw;
			productReference = 166476091DB8F9E7006E4BC2 /* tableveiw.app */;
			productType = "com.apple.product-type.application";
		};
/* End PBXNativeTarget section */

/* Begin PBXProject section */
		166476011DB8F9E6006E4BC2 /* Project object */ = {
			isa = PBXProject;
			attributes = {
				LastSwiftUpdateCheck = 0800;
				LastUpgradeCheck = 0800;
				ORGANIZATIONNAME = Lab301;
				TargetAttributes = {
					166476081DB8F9E6006E4BC2 = {
						CreatedOnToolsVersion = 8.0;
						ProvisioningStyle = Automatic;
					};
				};
			};
			buildConfigurationList = 166476041DB8F9E6006E4BC2 /* Build configuration list for PBXProject "tableveiw" */;
			compatibilityVersion = "Xcode 3.2";
			developmentRegion = English;
			hasScannedForEncodings = 0;
			knownRegions = (
				en,
				Base,
			);
			mainGroup = 166476001DB8F9E6006E4BC2;
			productRefGroup = 1664760A1DB8F9E7006E4BC2 /* Products */;
			projectDirPath = "";
			projectRoot = "";
			targets = (
				166476081DB8F9E6006E4BC2 /* tableveiw */,
			);
		};
/* End PBXProject section */

/* Begin PBXResourcesBuildPhase section */
		166476071DB8F9E6006E4BC2 /* Resources */ = {
			isa = PBXResourcesBuildPhase;
			buildActionMask = 2147483647;
			files = (
				166476171DB8F9E7006E4BC2 /* LaunchScreen.storyboard in Resources */,
				166476141DB8F9E7006E4BC2 /* Assets.xcassets in Resources */,
				166476121DB8F9E7006E4BC2 /* Main.storyboard in Resources */,
			);
			runOnlyForDeploymentPostprocessing = 0;
		};
/* End PBXResourcesBuildPhase section */

/* Begin PBXSourcesBuildPhase section */
		166476051DB8F9E6006E4BC2 /* Sources */ = {
			isa = PBXSourcesBuildPhase;
			buildActionMask = 2147483647;
			files = (
				1664760F1DB8F9E7006E4BC2 /* ViewController.swift in Sources */,
				1664760D1DB8F9E7006E4BC2 /* AppDelegate.swift in Sources */,
			);
			runOnlyForDeploymentPostprocessing = 0;
		};
/* End PBXSourcesBuildPhase section */

/* Begin PBXVariantGroup section */
		166476101DB8F9E7006E4BC2 /* Main.storyboard */ = {
			isa = PBXVariantGroup;
			children = (
				166476111DB8F9E7006E4BC2 /* Base */,
			);
			name = Main.storyboard;
			sourceTree = "<group>";
		};
		166476151DB8F9E7006E4BC2 /* LaunchScreen.storyboard */ = {
			isa = PBXVariantGroup;
			children = (
				166476161DB8F9E7006E4BC2 /* Base */,
			);
			name = LaunchScreen.storyboard;
			sourceTree = "<group>";
		};
/* End PBXVariantGroup section */

/* Begin XCBuildConfiguration section */
		166476191DB8F9E7006E4BC2 /* Debug */ = {
			isa = XCBuildConfiguration;
			buildSettings = {
				ALWAYS_SEARCH_USER_PATHS = NO;
				CLANG_ANALYZER_NONNULL = YES;
				CLANG_CXX_LANGUAGE_STANDARD = "gnu++0x";
				CLANG_CXX_LIBRARY = "libc++";
				CLANG_ENABLE_MODULES = YES;
				CLANG_ENABLE_OBJC_ARC = YES;
				CLANG_WARN_BOOL_CONVERSION = YES;
				CLANG_WARN_CONSTANT_CONVERSION = YES;
				CLANG_WARN_DIRECT_OBJC_ISA_USAGE = YES_ERROR;
				CLANG_WARN_DOCUMENTATION_COMMENTS = YES;
				CLANG_WARN_EMPTY_BODY = YES;
				CLANG_WARN_ENUM_CONVERSION = YES;
				CLANG_WARN_INFINITE_RECURSION = YES;
				CLANG_WARN_INT_CONVERSION = YES;
				CLANG_WARN_OBJC_ROOT_CLASS = YES_ERROR;
				CLANG_WARN_SUSPICIOUS_MOVES = YES;
				CLANG_WARN_UNREACHABLE_CODE = YES;
				CLANG_WARN__DUPLICATE_METHOD_MATCH = YES;
				"CODE_SIGN_IDENTITY[sdk=iphoneos*]" = "iPhone Developer";
				COPY_PHASE_STRIP = NO;
				DEBUG_INFORMATION_FORMAT = dwarf;
				ENABLE_STRICT_OBJC_MSGSEND = YES;
				ENABLE_TESTABILITY = YES;
				GCC_C_LANGUAGE_STANDARD = gnu99;
				GCC_DYNAMIC_NO_PIC = NO;
				GCC_NO_COMMON_BLOCKS = YES;
				GCC_OPTIMIZATION_LEVEL = 0;
				GCC_PREPROCESSOR_DEFINITIONS = (
					"DEBUG=1",
					"$(inherited)",
				);
				GCC_WARN_64_TO_32_BIT_CONVERSION = YES;
				GCC_WARN_ABOUT_RETURN_TYPE = YES_ERROR;
				GCC_WARN_UNDECLARED_SELECTOR = YES;
				GCC_WARN_UNINITIALIZED_AUTOS = YES_AGGRESSIVE;
				GCC_WARN_UNUSED_FUNCTION = YES;
				GCC_WARN_UNUSED_VARIABLE = YES;
				IPHONEOS_DEPLOYMENT_TARGET = 10.0;
				MTL_ENABLE_DEBUG_INFO = YES;
				ONLY_ACTIVE_ARCH = YES;
				SDKROOT = iphoneos;
				SWIFT_ACTIVE_COMPILATION_CONDITIONS = DEBUG;
				SWIFT_OPTIMIZATION_LEVEL = "-Onone";
			};
			name = Debug;
		};
		1664761A1DB8F9E7006E4BC2 /* Release */ = {
			isa = XCBuildConfiguration;
			buildSettings = {
				ALWAYS_SEARCH_USER_PATHS = NO;
				CLANG_ANALYZER_NONNULL = YES;
				CLANG_CXX_LANGUAGE_STANDARD = "gnu++0x";
				CLANG_CXX_LIBRARY = "libc++";
				CLANG_ENABLE_MODULES = YES;
				CLANG_ENABLE_OBJC_ARC = YES;
				CLANG_WARN_BOOL_CONVERSION = YES;
				CLANG_WARN_CONSTANT_CONVERSION = YES;
				CLANG_WARN_DIRECT_OBJC_ISA_USAGE = YES_ERROR;
				CLANG_WARN_DOCUMENTATION_COMMENTS = YES;
				CLANG_WARN_EMPTY_BODY = YES;
				CLANG_WARN_ENUM_CONVERSION = YES;
				CLANG_WARN_INFINITE_RECURSION = YES;
				CLANG_WARN_INT_CONVERSION = YES;
				CLANG_WARN_OBJC_ROOT_CLASS = YES_ERROR;
				CLANG_WARN_SUSPICIOUS_MOVES = YES;
				CLANG_WARN_UNREACHABLE_CODE = YES;
				CLANG_WARN__DUPLICATE_METHOD_MATCH = YES;
				"CODE_SIGN_IDENTITY[sdk=iphoneos*]" = "iPhone Developer";
				COPY_PHASE_STRIP = NO;
				DEBUG_INFORMATION_FORMAT = "dwarf-with-dsym";
				ENABLE_NS_ASSERTIONS = NO;
				ENABLE_STRICT_OBJC_MSGSEND = YES;
				GCC_C_LANGUAGE_STANDARD = gnu99;
				GCC_NO_COMMON_BLOCKS = YES;
				GCC_WARN_64_TO_32_BIT_CONVERSION = YES;
				GCC_WARN_ABOUT_RETURN_TYPE = YES_ERROR;
				GCC_WARN_UNDECLARED_SELECTOR = YES;
				GCC_WARN_UNINITIALIZED_AUTOS = YES_AGGRESSIVE;
				GCC_WARN_UNUSED_FUNCTION = YES;
				GCC_WARN_UNUSED_VARIABLE = YES;
				IPHONEOS_DEPLOYMENT_TARGET = 10.0;
				MTL_ENABLE_DEBUG_INFO = NO;
				SDKROOT = iphoneos;
				SWIFT_OPTIMIZATION_LEVEL = "-Owholemodule";
				VALIDATE_PRODUCT = YES;
			};
			name = Release;
		};
		1664761C1DB8F9E7006E4BC2 /* Debug */ = {
			isa = XCBuildConfiguration;
			buildSettings = {
				ASSETCATALOG_COMPILER_APPICON_NAME = AppIcon;
				INFOPLIST_FILE = tableveiw/Info.plist;
				LD_RUNPATH_SEARCH_PATHS = "$(inherited) @executable_path/Frameworks";
				PRODUCT_BUNDLE_IDENTIFIER = edu.kuas.tableveiw;
				PRODUCT_NAME = "$(TARGET_NAME)";
				SWIFT_VERSION = 3.0;
			};
			name = Debug;
		};
		1664761D1DB8F9E7006E4BC2 /* Release */ = {
			isa = XCBuildConfiguration;
			buildSettings = {
				ASSETCATALOG_COMPILER_APPICON_NAME = AppIcon;
				INFOPLIST_FILE = tableveiw/Info.plist;
				LD_RUNPATH_SEARCH_PATHS = "$(inherited) @executable_path/Frameworks";
				PRODUCT_BUNDLE_IDENTIFIER = edu.kuas.tableveiw;
				PRODUCT_NAME = "$(TARGET_NAME)";
				SWIFT_VERSION = 3.0;
			};
			name = Release;
		};
/* End XCBuildConfiguration section */

/* Begin XCConfigurationList section */
		166476041DB8F9E6006E4BC2 /* Build configuration list for PBXProject "tableveiw" */ = {
			isa = XCConfigurationList;
			buildConfigurations = (
				166476191DB8F9E7006E4BC2 /* Debug */,
				1664761A1DB8F9E7006E4BC2 /* Release */,
			);
			defaultConfigurationIsVisible = 0;
			defaultConfigurationName = Release;
		};
		1664761B1DB8F9E7006E4BC2 /* Build configuration list for PBXNativeTarget "tableveiw" */ = {
			isa = XCConfigurationList;
			buildConfigurations = (
				1664761C1DB8F9E7006E4BC2 /* Debug */,
				1664761D1DB8F9E7006E4BC2 /* Release */,
			);
			defaultConfigurationIsVisible = 0;
		};
/* End XCConfigurationList section */
	};
	rootObject = 166476011DB8F9E6006E4BC2 /* Project object */;
}
