// !$*UTF8*$!
{
	archiveVersion = 1;
	classes = {
	};
	objectVersion = 46;
	objects = {

/* Begin PBXBuildFile section */
		1632E1081DE703B700594FDC /* AppDelegate.swift in Sources */ = {isa = PBXBuildFile; fileRef = 1632E1071DE703B700594FDC /* AppDelegate.swift */; };
		1632E10A1DE703B700594FDC /* ViewController.swift in Sources */ = {isa = PBXBuildFile; fileRef = 1632E1091DE703B700594FDC /* ViewController.swift */; };
		1632E10D1DE703B700594FDC /* Main.storyboard in Resources */ = {isa = PBXBuildFile; fileRef = 1632E10B1DE703B700594FDC /* Main.storyboard */; };
		1632E1101DE703B700594FDC /* CoreDataDemo.xcdatamodeld in Sources */ = {isa = PBXBuildFile; fileRef = 1632E10E1DE703B700594FDC /* CoreDataDemo.xcdatamodeld */; };
		1632E1121DE703B700594FDC /* Assets.xcassets in Resources */ = {isa = PBXBuildFile; fileRef = 1632E1111DE703B700594FDC /* Assets.xcassets */; };
		1632E1151DE703B700594FDC /* LaunchScreen.storyboard in Resources */ = {isa = PBXBuildFile; fileRef = 1632E1131DE703B700594FDC /* LaunchScreen.storyboard */; };
		1632E11D1DE716B000594FDC /* ContentCell.swift in Sources */ = {isa = PBXBuildFile; fileRef = 1632E11C1DE716B000594FDC /* ContentCell.swift */; };
/* End PBXBuildFile section */

/* Begin PBXFileReference section */
		1632E1041DE703B700594FDC /* CoreDataDemo.app */ = {isa = PBXFileReference; explicitFileType = wrapper.application; includeInIndex = 0; path = CoreDataDemo.app; sourceTree = BUILT_PRODUCTS_DIR; };
		1632E1071DE703B700594FDC /* AppDelegate.swift */ = {isa = PBXFileReference; lastKnownFileType = sourcecode.swift; path = AppDelegate.swift; sourceTree = "<group>"; };
		1632E1091DE703B700594FDC /* ViewController.swift */ = {isa = PBXFileReference; lastKnownFileType = sourcecode.swift; path = ViewController.swift; sourceTree = "<group>"; };
		1632E10C1DE703B700594FDC /* Base */ = {isa = PBXFileReference; lastKnownFileType = file.storyboard; name = Base; path = Base.lproj/Main.storyboard; sourceTree = "<group>"; };
		1632E10F1DE703B700594FDC /* CoreDataDemo.xcdatamodel */ = {isa = PBXFileReference; lastKnownFileType = wrapper.xcdatamodel; path = CoreDataDemo.xcdatamodel; sourceTree = "<group>"; };
		1632E1111DE703B700594FDC /* Assets.xcassets */ = {isa = PBXFileReference; lastKnownFileType = folder.assetcatalog; path = Assets.xcassets; sourceTree = "<group>"; };
		1632E1141DE703B700594FDC /* Base */ = {isa = PBXFileReference; lastKnownFileType = file.storyboard; name = Base; path = Base.lproj/LaunchScreen.storyboard; sourceTree = "<group>"; };
		1632E1161DE703B700594FDC /* Info.plist */ = {isa = PBXFileReference; lastKnownFileType = text.plist.xml; path = Info.plist; sourceTree = "<group>"; };
		1632E11C1DE716B000594FDC /* ContentCell.swift */ = {isa = PBXFileReference; fileEncoding = 4; lastKnownFileType = sourcecode.swift; path = ContentCell.swift; sourceTree = "<group>"; };
/* End PBXFileReference section */

/* Begin PBXFrameworksBuildPhase section */
		1632E1011DE703B700594FDC /* Frameworks */ = {
			isa = PBXFrameworksBuildPhase;
			buildActionMask = 2147483647;
			files = (
			);
			runOnlyForDeploymentPostprocessing = 0;
		};
/* End PBXFrameworksBuildPhase section */

/* Begin PBXGroup section */
		1632E0FB1DE703B700594FDC = {
			isa = PBXGroup;
			children = (
				1632E1061DE703B700594FDC /* CoreDataDemo */,
				1632E1051DE703B700594FDC /* Products */,
			);
			sourceTree = "<group>";
		};
		1632E1051DE703B700594FDC /* Products */ = {
			isa = PBXGroup;
			children = (
				1632E1041DE703B700594FDC /* CoreDataDemo.app */,
			);
			name = Products;
			sourceTree = "<group>";
		};
		1632E1061DE703B700594FDC /* CoreDataDemo */ = {
			isa = PBXGroup;
			children = (
				1632E1071DE703B700594FDC /* AppDelegate.swift */,
				1632E1091DE703B700594FDC /* ViewController.swift */,
				1632E10B1DE703B700594FDC /* Main.storyboard */,
				1632E1111DE703B700594FDC /* Assets.xcassets */,
				1632E1131DE703B700594FDC /* LaunchScreen.storyboard */,
				1632E1161DE703B700594FDC /* Info.plist */,
				1632E10E1DE703B700594FDC /* CoreDataDemo.xcdatamodeld */,
				1632E11C1DE716B000594FDC /* ContentCell.swift */,
			);
			path = CoreDataDemo;
			sourceTree = "<group>";
		};
/* End PBXGroup section */

/* Begin PBXNativeTarget section */
		1632E1031DE703B700594FDC /* CoreDataDemo */ = {
			isa = PBXNativeTarget;
			buildConfigurationList = 1632E1191DE703B700594FDC /* Build configuration list for PBXNativeTarget "CoreDataDemo" */;
			buildPhases = (
				1632E1001DE703B700594FDC /* Sources */,
				1632E1011DE703B700594FDC /* Frameworks */,
				1632E1021DE703B700594FDC /* Resources */,
			);
			buildRules = (
			);
			dependencies = (
			);
			name = CoreDataDemo;
			productName = CoreDataDemo;
			productReference = 1632E1041DE703B700594FDC /* CoreDataDemo.app */;
			productType = "com.apple.product-type.application";
		};
/* End PBXNativeTarget section */

/* Begin PBXProject section */
		1632E0FC1DE703B700594FDC /* Project object */ = {
			isa = PBXProject;
			attributes = {
				LastSwiftUpdateCheck = 0810;
				LastUpgradeCheck = 0810;
				ORGANIZATIONNAME = "Mac mini 301";
				TargetAttributes = {
					1632E1031DE703B700594FDC = {
						CreatedOnToolsVersion = 8.1;
						ProvisioningStyle = Automatic;
					};
				};
			};
			buildConfigurationList = 1632E0FF1DE703B700594FDC /* Build configuration list for PBXProject "CoreDataDemo" */;
			compatibilityVersion = "Xcode 3.2";
			developmentRegion = English;
			hasScannedForEncodings = 0;
			knownRegions = (
				en,
				Base,
			);
			mainGroup = 1632E0FB1DE703B700594FDC;
			productRefGroup = 1632E1051DE703B700594FDC /* Products */;
			projectDirPath = "";
			projectRoot = "";
			targets = (
				1632E1031DE703B700594FDC /* CoreDataDemo */,
			);
		};
/* End PBXProject section */

/* Begin PBXResourcesBuildPhase section */
		1632E1021DE703B700594FDC /* Resources */ = {
			isa = PBXResourcesBuildPhase;
			buildActionMask = 2147483647;
			files = (
				1632E1151DE703B700594FDC /* LaunchScreen.storyboard in Resources */,
				1632E1121DE703B700594FDC /* Assets.xcassets in Resources */,
				1632E10D1DE703B700594FDC /* Main.storyboard in Resources */,
			);
			runOnlyForDeploymentPostprocessing = 0;
		};
/* End PBXResourcesBuildPhase section */

/* Begin PBXSourcesBuildPhase section */
		1632E1001DE703B700594FDC /* Sources */ = {
			isa = PBXSourcesBuildPhase;
			buildActionMask = 2147483647;
			files = (
				1632E10A1DE703B700594FDC /* ViewController.swift in Sources */,
				1632E1101DE703B700594FDC /* CoreDataDemo.xcdatamodeld in Sources */,
				1632E1081DE703B700594FDC /* AppDelegate.swift in Sources */,
				1632E11D1DE716B000594FDC /* ContentCell.swift in Sources */,
			);
			runOnlyForDeploymentPostprocessing = 0;
		};
/* End PBXSourcesBuildPhase section */

/* Begin PBXVariantGroup section */
		1632E10B1DE703B700594FDC /* Main.storyboard */ = {
			isa = PBXVariantGroup;
			children = (
				1632E10C1DE703B700594FDC /* Base */,
			);
			name = Main.storyboard;
			sourceTree = "<group>";
		};
		1632E1131DE703B700594FDC /* LaunchScreen.storyboard */ = {
			isa = PBXVariantGroup;
			children = (
				1632E1141DE703B700594FDC /* Base */,
			);
			name = LaunchScreen.storyboard;
			sourceTree = "<group>";
		};
/* End PBXVariantGroup section */

/* Begin XCBuildConfiguration section */
		1632E1171DE703B700594FDC /* Debug */ = {
			isa = XCBuildConfiguration;
			buildSettings = {
				ALWAYS_SEARCH_USER_PATHS = NO;
				CLANG_ANALYZER_NONNULL = YES;
				CLANG_CXX_LANGUAGE_STANDARD = "gnu++0x";
				CLANG_CXX_LIBRARY = "libc++";
				CLANG_ENABLE_MODULES = YES;
				CLANG_ENABLE_OBJC_ARC = YES;
				CLANG_WARN_BOOL_CONVERSION = YES;
				CLANG_WARN_CONSTANT_CONVERSION = YES;
				CLANG_WARN_DIRECT_OBJC_ISA_USAGE = YES_ERROR;
				CLANG_WARN_DOCUMENTATION_COMMENTS = YES;
				CLANG_WARN_EMPTY_BODY = YES;
				CLANG_WARN_ENUM_CONVERSION = YES;
				CLANG_WARN_INFINITE_RECURSION = YES;
				CLANG_WARN_INT_CONVERSION = YES;
				CLANG_WARN_OBJC_ROOT_CLASS = YES_ERROR;
				CLANG_WARN_SUSPICIOUS_MOVES = YES;
				CLANG_WARN_UNREACHABLE_CODE = YES;
				CLANG_WARN__DUPLICATE_METHOD_MATCH = YES;
				"CODE_SIGN_IDENTITY[sdk=iphoneos*]" = "iPhone Developer";
				COPY_PHASE_STRIP = NO;
				DEBUG_INFORMATION_FORMAT = dwarf;
				ENABLE_STRICT_OBJC_MSGSEND = YES;
				ENABLE_TESTABILITY = YES;
				GCC_C_LANGUAGE_STANDARD = gnu99;
				GCC_DYNAMIC_NO_PIC = NO;
				GCC_NO_COMMON_BLOCKS = YES;
				GCC_OPTIMIZATION_LEVEL = 0;
				GCC_PREPROCESSOR_DEFINITIONS = (
					"DEBUG=1",
					"$(inherited)",
				);
				GCC_WARN_64_TO_32_BIT_CONVERSION = YES;
				GCC_WARN_ABOUT_RETURN_TYPE = YES_ERROR;
				GCC_WARN_UNDECLARED_SELECTOR = YES;
				GCC_WARN_UNINITIALIZED_AUTOS = YES_AGGRESSIVE;
				GCC_WARN_UNUSED_FUNCTION = YES;
				GCC_WARN_UNUSED_VARIABLE = YES;
				IPHONEOS_DEPLOYMENT_TARGET = 10.1;
				MTL_ENABLE_DEBUG_INFO = YES;
				ONLY_ACTIVE_ARCH = YES;
				SDKROOT = iphoneos;
				SWIFT_ACTIVE_COMPILATION_CONDITIONS = DEBUG;
				SWIFT_OPTIMIZATION_LEVEL = "-Onone";
			};
			name = Debug;
		};
		1632E1181DE703B700594FDC /* Release */ = {
			isa = XCBuildConfiguration;
			buildSettings = {
				ALWAYS_SEARCH_USER_PATHS = NO;
				CLANG_ANALYZER_NONNULL = YES;
				CLANG_CXX_LANGUAGE_STANDARD = "gnu++0x";
				CLANG_CXX_LIBRARY = "libc++";
				CLANG_ENABLE_MODULES = YES;
				CLANG_ENABLE_OBJC_ARC = YES;
				CLANG_WARN_BOOL_CONVERSION = YES;
				CLANG_WARN_CONSTANT_CONVERSION = YES;
				CLANG_WARN_DIRECT_OBJC_ISA_USAGE = YES_ERROR;
				CLANG_WARN_DOCUMENTATION_COMMENTS = YES;
				CLANG_WARN_EMPTY_BODY = YES;
				CLANG_WARN_ENUM_CONVERSION = YES;
				CLANG_WARN_INFINITE_RECURSION = YES;
				CLANG_WARN_INT_CONVERSION = YES;
				CLANG_WARN_OBJC_ROOT_CLASS = YES_ERROR;
				CLANG_WARN_SUSPICIOUS_MOVES = YES;
				CLANG_WARN_UNREACHABLE_CODE = YES;
				CLANG_WARN__DUPLICATE_METHOD_MATCH = YES;
				"CODE_SIGN_IDENTITY[sdk=iphoneos*]" = "iPhone Developer";
				COPY_PHASE_STRIP = NO;
				DEBUG_INFORMATION_FORMAT = "dwarf-with-dsym";
				ENABLE_NS_ASSERTIONS = NO;
				ENABLE_STRICT_OBJC_MSGSEND = YES;
				GCC_C_LANGUAGE_STANDARD = gnu99;
				GCC_NO_COMMON_BLOCKS = YES;
				GCC_WARN_64_TO_32_BIT_CONVERSION = YES;
				GCC_WARN_ABOUT_RETURN_TYPE = YES_ERROR;
				GCC_WARN_UNDECLARED_SELECTOR = YES;
				GCC_WARN_UNINITIALIZED_AUTOS = YES_AGGRESSIVE;
				GCC_WARN_UNUSED_FUNCTION = YES;
				GCC_WARN_UNUSED_VARIABLE = YES;
				IPHONEOS_DEPLOYMENT_TARGET = 10.1;
				MTL_ENABLE_DEBUG_INFO = NO;
				SDKROOT = iphoneos;
				SWIFT_OPTIMIZATION_LEVEL = "-Owholemodule";
				VALIDATE_PRODUCT = YES;
			};
			name = Release;
		};
		1632E11A1DE703B700594FDC /* Debug */ = {
			isa = XCBuildConfiguration;
			buildSettings = {
				ASSETCATALOG_COMPILER_APPICON_NAME = AppIcon;
				INFOPLIST_FILE = CoreDataDemo/Info.plist;
				LD_RUNPATH_SEARCH_PATHS = "$(inherited) @executable_path/Frameworks";
				PRODUCT_BUNDLE_IDENTIFIER = tw.edu.kuas.CoreDataDemo;
				PRODUCT_NAME = "$(TARGET_NAME)";
				SWIFT_VERSION = 3.0;
			};
			name = Debug;
		};
		1632E11B1DE703B700594FDC /* Release */ = {
			isa = XCBuildConfiguration;
			buildSettings = {
				ASSETCATALOG_COMPILER_APPICON_NAME = AppIcon;
				INFOPLIST_FILE = CoreDataDemo/Info.plist;
				LD_RUNPATH_SEARCH_PATHS = "$(inherited) @executable_path/Frameworks";
				PRODUCT_BUNDLE_IDENTIFIER = tw.edu.kuas.CoreDataDemo;
				PRODUCT_NAME = "$(TARGET_NAME)";
				SWIFT_VERSION = 3.0;
			};
			name = Release;
		};
/* End XCBuildConfiguration section */

/* Begin XCConfigurationList section */
		1632E0FF1DE703B700594FDC /* Build configuration list for PBXProject "CoreDataDemo" */ = {
			isa = XCConfigurationList;
			buildConfigurations = (
				1632E1171DE703B700594FDC /* Debug */,
				1632E1181DE703B700594FDC /* Release */,
			);
			defaultConfigurationIsVisible = 0;
			defaultConfigurationName = Release;
		};
		1632E1191DE703B700594FDC /* Build configuration list for PBXNativeTarget "CoreDataDemo" */ = {
			isa = XCConfigurationList;
			buildConfigurations = (
				1632E11A1DE703B700594FDC /* Debug */,
				1632E11B1DE703B700594FDC /* Release */,
			);
			defaultConfigurationIsVisible = 0;
		};
/* End XCConfigurationList section */

/* Begin XCVersionGroup section */
		1632E10E1DE703B700594FDC /* CoreDataDemo.xcdatamodeld */ = {
			isa = XCVersionGroup;
			children = (
				1632E10F1DE703B700594FDC /* CoreDataDemo.xcdatamodel */,
			);
			currentVersion = 1632E10F1DE703B700594FDC /* CoreDataDemo.xcdatamodel */;
			path = CoreDataDemo.xcdatamodeld;
			sourceTree = "<group>";
			versionGroupType = wrapper.xcdatamodel;
		};
/* End XCVersionGroup section */
	};
	rootObject = 1632E0FC1DE703B700594FDC /* Project object */;
}
