// !$*UTF8*$!
{
	archiveVersion = 1;
	classes = {
	};
	objectVersion = 46;
	objects = {

/* Begin PBXBuildFile section */
		16637D4D1DC23193000762FA /* AppDelegate.swift in Sources */ = {isa = PBXBuildFile; fileRef = 16637D4C1DC23193000762FA /* AppDelegate.swift */; };
		16637D521DC23193000762FA /* Main.storyboard in Resources */ = {isa = PBXBuildFile; fileRef = 16637D501DC23193000762FA /* Main.storyboard */; };
		16637D541DC23193000762FA /* Assets.xcassets in Resources */ = {isa = PBXBuildFile; fileRef = 16637D531DC23193000762FA /* Assets.xcassets */; };
		16637D571DC23193000762FA /* LaunchScreen.storyboard in Resources */ = {isa = PBXBuildFile; fileRef = 16637D551DC23193000762FA /* LaunchScreen.storyboard */; };
		16637D5F1DC23399000762FA /* SimpleTableViewController.swift in Sources */ = {isa = PBXBuildFile; fileRef = 16637D5E1DC23399000762FA /* SimpleTableViewController.swift */; };
		16637D611DC2383D000762FA /* SimpleTableViewCell.swift in Sources */ = {isa = PBXBuildFile; fileRef = 16637D601DC2383D000762FA /* SimpleTableViewCell.swift */; };
/* End PBXBuildFile section */

/* Begin PBXFileReference section */
		16637D491DC23193000762FA /* tableveiw2.app */ = {isa = PBXFileReference; explicitFileType = wrapper.application; includeInIndex = 0; path = tableveiw2.app; sourceTree = BUILT_PRODUCTS_DIR; };
		16637D4C1DC23193000762FA /* AppDelegate.swift */ = {isa = PBXFileReference; lastKnownFileType = sourcecode.swift; path = AppDelegate.swift; sourceTree = "<group>"; };
		16637D511DC23193000762FA /* Base */ = {isa = PBXFileReference; lastKnownFileType = file.storyboard; name = Base; path = Base.lproj/Main.storyboard; sourceTree = "<group>"; };
		16637D531DC23193000762FA /* Assets.xcassets */ = {isa = PBXFileReference; lastKnownFileType = folder.assetcatalog; path = Assets.xcassets; sourceTree = "<group>"; };
		16637D561DC23193000762FA /* Base */ = {isa = PBXFileReference; lastKnownFileType = file.storyboard; name = Base; path = Base.lproj/LaunchScreen.storyboard; sourceTree = "<group>"; };
		16637D581DC23193000762FA /* Info.plist */ = {isa = PBXFileReference; lastKnownFileType = text.plist.xml; path = Info.plist; sourceTree = "<group>"; };
		16637D5E1DC23399000762FA /* SimpleTableViewController.swift */ = {isa = PBXFileReference; fileEncoding = 4; lastKnownFileType = sourcecode.swift; path = SimpleTableViewController.swift; sourceTree = "<group>"; };
		16637D601DC2383D000762FA /* SimpleTableViewCell.swift */ = {isa = PBXFileReference; fileEncoding = 4; lastKnownFileType = sourcecode.swift; path = SimpleTableViewCell.swift; sourceTree = "<group>"; };
/* End PBXFileReference section */

/* Begin PBXFrameworksBuildPhase section */
		16637D461DC23193000762FA /* Frameworks */ = {
			isa = PBXFrameworksBuildPhase;
			buildActionMask = 2147483647;
			files = (
			);
			runOnlyForDeploymentPostprocessing = 0;
		};
/* End PBXFrameworksBuildPhase section */

/* Begin PBXGroup section */
		16637D401DC23192000762FA = {
			isa = PBXGroup;
			children = (
				16637D4B1DC23193000762FA /* tableveiw2 */,
				16637D4A1DC23193000762FA /* Products */,
			);
			sourceTree = "<group>";
		};
		16637D4A1DC23193000762FA /* Products */ = {
			isa = PBXGroup;
			children = (
				16637D491DC23193000762FA /* tableveiw2.app */,
			);
			name = Products;
			sourceTree = "<group>";
		};
		16637D4B1DC23193000762FA /* tableveiw2 */ = {
			isa = PBXGroup;
			children = (
				16637D4C1DC23193000762FA /* AppDelegate.swift */,
				16637D501DC23193000762FA /* Main.storyboard */,
				16637D5E1DC23399000762FA /* SimpleTableViewController.swift */,
				16637D531DC23193000762FA /* Assets.xcassets */,
				16637D551DC23193000762FA /* LaunchScreen.storyboard */,
				16637D581DC23193000762FA /* Info.plist */,
				16637D601DC2383D000762FA /* SimpleTableViewCell.swift */,
			);
			path = tableveiw2;
			sourceTree = "<group>";
		};
/* End PBXGroup section */

/* Begin PBXNativeTarget section */
		16637D481DC23193000762FA /* tableveiw2 */ = {
			isa = PBXNativeTarget;
			buildConfigurationList = 16637D5B1DC23193000762FA /* Build configuration list for PBXNativeTarget "tableveiw2" */;
			buildPhases = (
				16637D451DC23193000762FA /* Sources */,
				16637D461DC23193000762FA /* Frameworks */,
				16637D471DC23193000762FA /* Resources */,
			);
			buildRules = (
			);
			dependencies = (
			);
			name = tableveiw2;
			productName = tableveiw2;
			productReference = 16637D491DC23193000762FA /* tableveiw2.app */;
			productType = "com.apple.product-type.application";
		};
/* End PBXNativeTarget section */

/* Begin PBXProject section */
		16637D411DC23192000762FA /* Project object */ = {
			isa = PBXProject;
			attributes = {
				LastSwiftUpdateCheck = 0800;
				LastUpgradeCheck = 0800;
				ORGANIZATIONNAME = Lab301;
				TargetAttributes = {
					16637D481DC23193000762FA = {
						CreatedOnToolsVersion = 8.0;
						ProvisioningStyle = Automatic;
					};
				};
			};
			buildConfigurationList = 16637D441DC23193000762FA /* Build configuration list for PBXProject "tableveiw2" */;
			compatibilityVersion = "Xcode 3.2";
			developmentRegion = English;
			hasScannedForEncodings = 0;
			knownRegions = (
				en,
				Base,
			);
			mainGroup = 16637D401DC23192000762FA;
			productRefGroup = 16637D4A1DC23193000762FA /* Products */;
			projectDirPath = "";
			projectRoot = "";
			targets = (
				16637D481DC23193000762FA /* tableveiw2 */,
			);
		};
/* End PBXProject section */

/* Begin PBXResourcesBuildPhase section */
		16637D471DC23193000762FA /* Resources */ = {
			isa = PBXResourcesBuildPhase;
			buildActionMask = 2147483647;
			files = (
				16637D571DC23193000762FA /* LaunchScreen.storyboard in Resources */,
				16637D541DC23193000762FA /* Assets.xcassets in Resources */,
				16637D521DC23193000762FA /* Main.storyboard in Resources */,
			);
			runOnlyForDeploymentPostprocessing = 0;
		};
/* End PBXResourcesBuildPhase section */

/* Begin PBXSourcesBuildPhase section */
		16637D451DC23193000762FA /* Sources */ = {
			isa = PBXSourcesBuildPhase;
			buildActionMask = 2147483647;
			files = (
				16637D611DC2383D000762FA /* SimpleTableViewCell.swift in Sources */,
				16637D4D1DC23193000762FA /* AppDelegate.swift in Sources */,
				16637D5F1DC23399000762FA /* SimpleTableViewController.swift in Sources */,
			);
			runOnlyForDeploymentPostprocessing = 0;
		};
/* End PBXSourcesBuildPhase section */

/* Begin PBXVariantGroup section */
		16637D501DC23193000762FA /* Main.storyboard */ = {
			isa = PBXVariantGroup;
			children = (
				16637D511DC23193000762FA /* Base */,
			);
			name = Main.storyboard;
			sourceTree = "<group>";
		};
		16637D551DC23193000762FA /* LaunchScreen.storyboard */ = {
			isa = PBXVariantGroup;
			children = (
				16637D561DC23193000762FA /* Base */,
			);
			name = LaunchScreen.storyboard;
			sourceTree = "<group>";
		};
/* End PBXVariantGroup section */

/* Begin XCBuildConfiguration section */
		16637D591DC23193000762FA /* Debug */ = {
			isa = XCBuildConfiguration;
			buildSettings = {
				ALWAYS_SEARCH_USER_PATHS = NO;
				CLANG_ANALYZER_NONNULL = YES;
				CLANG_CXX_LANGUAGE_STANDARD = "gnu++0x";
				CLANG_CXX_LIBRARY = "libc++";
				CLANG_ENABLE_MODULES = YES;
				CLANG_ENABLE_OBJC_ARC = YES;
				CLANG_WARN_BOOL_CONVERSION = YES;
				CLANG_WARN_CONSTANT_CONVERSION = YES;
				CLANG_WARN_DIRECT_OBJC_ISA_USAGE = YES_ERROR;
				CLANG_WARN_DOCUMENTATION_COMMENTS = YES;
				CLANG_WARN_EMPTY_BODY = YES;
				CLANG_WARN_ENUM_CONVERSION = YES;
				CLANG_WARN_INFINITE_RECURSION = YES;
				CLANG_WARN_INT_CONVERSION = YES;
				CLANG_WARN_OBJC_ROOT_CLASS = YES_ERROR;
				CLANG_WARN_SUSPICIOUS_MOVES = YES;
				CLANG_WARN_UNREACHABLE_CODE = YES;
				CLANG_WARN__DUPLICATE_METHOD_MATCH = YES;
				"CODE_SIGN_IDENTITY[sdk=iphoneos*]" = "iPhone Developer";
				COPY_PHASE_STRIP = NO;
				DEBUG_INFORMATION_FORMAT = dwarf;
				ENABLE_STRICT_OBJC_MSGSEND = YES;
				ENABLE_TESTABILITY = YES;
				GCC_C_LANGUAGE_STANDARD = gnu99;
				GCC_DYNAMIC_NO_PIC = NO;
				GCC_NO_COMMON_BLOCKS = YES;
				GCC_OPTIMIZATION_LEVEL = 0;
				GCC_PREPROCESSOR_DEFINITIONS = (
					"DEBUG=1",
					"$(inherited)",
				);
				GCC_WARN_64_TO_32_BIT_CONVERSION = YES;
				GCC_WARN_ABOUT_RETURN_TYPE = YES_ERROR;
				GCC_WARN_UNDECLARED_SELECTOR = YES;
				GCC_WARN_UNINITIALIZED_AUTOS = YES_AGGRESSIVE;
				GCC_WARN_UNUSED_FUNCTION = YES;
				GCC_WARN_UNUSED_VARIABLE = YES;
				IPHONEOS_DEPLOYMENT_TARGET = 10.0;
				MTL_ENABLE_DEBUG_INFO = YES;
				ONLY_ACTIVE_ARCH = YES;
				SDKROOT = iphoneos;
				SWIFT_ACTIVE_COMPILATION_CONDITIONS = DEBUG;
				SWIFT_OPTIMIZATION_LEVEL = "-Onone";
			};
			name = Debug;
		};
		16637D5A1DC23193000762FA /* Release */ = {
			isa = XCBuildConfiguration;
			buildSettings = {
				ALWAYS_SEARCH_USER_PATHS = NO;
				CLANG_ANALYZER_NONNULL = YES;
				CLANG_CXX_LANGUAGE_STANDARD = "gnu++0x";
				CLANG_CXX_LIBRARY = "libc++";
				CLANG_ENABLE_MODULES = YES;
				CLANG_ENABLE_OBJC_ARC = YES;
				CLANG_WARN_BOOL_CONVERSION = YES;
				CLANG_WARN_CONSTANT_CONVERSION = YES;
				CLANG_WARN_DIRECT_OBJC_ISA_USAGE = YES_ERROR;
				CLANG_WARN_DOCUMENTATION_COMMENTS = YES;
				CLANG_WARN_EMPTY_BODY = YES;
				CLANG_WARN_ENUM_CONVERSION = YES;
				CLANG_WARN_INFINITE_RECURSION = YES;
				CLANG_WARN_INT_CONVERSION = YES;
				CLANG_WARN_OBJC_ROOT_CLASS = YES_ERROR;
				CLANG_WARN_SUSPICIOUS_MOVES = YES;
				CLANG_WARN_UNREACHABLE_CODE = YES;
				CLANG_WARN__DUPLICATE_METHOD_MATCH = YES;
				"CODE_SIGN_IDENTITY[sdk=iphoneos*]" = "iPhone Developer";
				COPY_PHASE_STRIP = NO;
				DEBUG_INFORMATION_FORMAT = "dwarf-with-dsym";
				ENABLE_NS_ASSERTIONS = NO;
				ENABLE_STRICT_OBJC_MSGSEND = YES;
				GCC_C_LANGUAGE_STANDARD = gnu99;
				GCC_NO_COMMON_BLOCKS = YES;
				GCC_WARN_64_TO_32_BIT_CONVERSION = YES;
				GCC_WARN_ABOUT_RETURN_TYPE = YES_ERROR;
				GCC_WARN_UNDECLARED_SELECTOR = YES;
				GCC_WARN_UNINITIALIZED_AUTOS = YES_AGGRESSIVE;
				GCC_WARN_UNUSED_FUNCTION = YES;
				GCC_WARN_UNUSED_VARIABLE = YES;
				IPHONEOS_DEPLOYMENT_TARGET = 10.0;
				MTL_ENABLE_DEBUG_INFO = NO;
				SDKROOT = iphoneos;
				SWIFT_OPTIMIZATION_LEVEL = "-Owholemodule";
				VALIDATE_PRODUCT = YES;
			};
			name = Release;
		};
		16637D5C1DC23193000762FA /* Debug */ = {
			isa = XCBuildConfiguration;
			buildSettings = {
				ASSETCATALOG_COMPILER_APPICON_NAME = AppIcon;
				INFOPLIST_FILE = tableveiw2/Info.plist;
				LD_RUNPATH_SEARCH_PATHS = "$(inherited) @executable_path/Frameworks";
				PRODUCT_BUNDLE_IDENTIFIER = edu.kuas.tableveiw2;
				PRODUCT_NAME = "$(TARGET_NAME)";
				SWIFT_VERSION = 3.0;
			};
			name = Debug;
		};
		16637D5D1DC23193000762FA /* Release */ = {
			isa = XCBuildConfiguration;
			buildSettings = {
				ASSETCATALOG_COMPILER_APPICON_NAME = AppIcon;
				INFOPLIST_FILE = tableveiw2/Info.plist;
				LD_RUNPATH_SEARCH_PATHS = "$(inherited) @executable_path/Frameworks";
				PRODUCT_BUNDLE_IDENTIFIER = edu.kuas.tableveiw2;
				PRODUCT_NAME = "$(TARGET_NAME)";
				SWIFT_VERSION = 3.0;
			};
			name = Release;
		};
/* End XCBuildConfiguration section */

/* Begin XCConfigurationList section */
		16637D441DC23193000762FA /* Build configuration list for PBXProject "tableveiw2" */ = {
			isa = XCConfigurationList;
			buildConfigurations = (
				16637D591DC23193000762FA /* Debug */,
				16637D5A1DC23193000762FA /* Release */,
			);
			defaultConfigurationIsVisible = 0;
			defaultConfigurationName = Release;
		};
		16637D5B1DC23193000762FA /* Build configuration list for PBXNativeTarget "tableveiw2" */ = {
			isa = XCConfigurationList;
			buildConfigurations = (
				16637D5C1DC23193000762FA /* Debug */,
				16637D5D1DC23193000762FA /* Release */,
			);
			defaultConfigurationIsVisible = 0;
		};
/* End XCConfigurationList section */
	};
	rootObject = 16637D411DC23192000762FA /* Project object */;
}
